
Microsoft Visual Studio Solution File, Format Version 12.00
# Visual Studio Version 17
VisualStudioVersion = 17.12.35707.178 d17.12
MinimumVisualStudioVersion = 10.0.40219.1
Project("{FAE04EC0-301F-11D3-BF4B-00C04F79EFBC}") = "WpfAppSesion1", "WpfAppSesion1\WpfAppSesion1.csproj", "{DF3D3AA2-724A-4D95-8C83-5132924B6472}"
EndProject
Global
	GlobalSection(SolutionConfigurationPlatforms) = preSolution
		Debug|Any CPU = Debug|Any CPU
		Release|Any CPU = Release|Any CPU
	EndGlobalSection
	GlobalSection(ProjectConfigurationPlatforms) = postSolution
		{DF3D3AA2-724A-4D95-8C83-5132924B6472}.Debug|Any CPU.ActiveCfg = Debug|Any CPU
		{DF3D3AA2-724A-4D95-8C83-5132924B6472}.Debug|Any CPU.Build.0 = Debug|Any CPU
		{DF3D3AA2-724A-4D95-8C83-5132924B6472}.Release|Any CPU.ActiveCfg = Release|Any CPU
		{DF3D3AA2-724A-4D95-8C83-5132924B6472}.Release|Any CPU.Build.0 = Release|Any CPU
	EndGlobalSection
	GlobalSection(SolutionProperties) = preSolution
		HideSolutionNode = FALSE
	EndGlobalSection
EndGlobal
